// !$*UTF8*$!
{
	archiveVersion = 1;
	classes = {
	};
	objectVersion = 46;
	objects = {

/* Begin PBXBuildFile section */
		600E3CBB1B9A35A900CCC998 /* main.cpp in Sources */ = {isa = PBXBuildFile; fileRef = 600E3CBA1B9A35A900CCC998 /* main.cpp */; };
		600E3CC91B9A35CA00CCC998 /* Input.cpp in Sources */ = {isa = PBXBuildFile; fileRef = 600E3CC11B9A35CA00CCC998 /* Input.cpp */; };
		600E3CCA1B9A35CA00CCC998 /* NES.cpp in Sources */ = {isa = PBXBuildFile; fileRef = 600E3CC31B9A35CA00CCC998 /* NES.cpp */; };
		600E3CCB1B9A35CA00CCC998 /* RAM.cpp in Sources */ = {isa = PBXBuildFile; fileRef = 600E3CC51B9A35CA00CCC998 /* RAM.cpp */; };
		600E3CCC1B9A35CA00CCC998 /* Types.cpp in Sources */ = {isa = PBXBuildFile; fileRef = 600E3CC71B9A35CA00CCC998 /* Types.cpp */; };
/* End PBXBuildFile section */

/* Begin PBXCopyFilesBuildPhase section */
		600E3CB51B9A35A900CCC998 /* CopyFiles */ = {
			isa = PBXCopyFilesBuildPhase;
			buildActionMask = 2147483647;
			dstPath = /usr/share/man/man1/;
			dstSubfolderSpec = 0;
			files = (
			);
			runOnlyForDeploymentPostprocessing = 1;
		};
/* End PBXCopyFilesBuildPhase section */

/* Begin PBXFileReference section */
		600E3CB71B9A35A900CCC998 /* CPU-final */ = {isa = PBXFileReference; explicitFileType = "compiled.mach-o.executable"; includeInIndex = 0; path = "CPU-final"; sourceTree = BUILT_PRODUCTS_DIR; };
		600E3CBA1B9A35A900CCC998 /* main.cpp */ = {isa = PBXFileReference; lastKnownFileType = sourcecode.cpp.cpp; path = main.cpp; sourceTree = "<group>"; };
		600E3CC11B9A35CA00CCC998 /* Input.cpp */ = {isa = PBXFileReference; fileEncoding = 4; lastKnownFileType = sourcecode.cpp.cpp; path = Input.cpp; sourceTree = "<group>"; };
		600E3CC21B9A35CA00CCC998 /* Input.h */ = {isa = PBXFileReference; fileEncoding = 4; lastKnownFileType = sourcecode.c.h; path = Input.h; sourceTree = "<group>"; };
		600E3CC31B9A35CA00CCC998 /* NES.cpp */ = {isa = PBXFileReference; fileEncoding = 4; lastKnownFileType = sourcecode.cpp.cpp; path = NES.cpp; sourceTree = "<group>"; };
		600E3CC41B9A35CA00CCC998 /* NES.h */ = {isa = PBXFileReference; fileEncoding = 4; lastKnownFileType = sourcecode.c.h; path = NES.h; sourceTree = "<group>"; };
		600E3CC51B9A35CA00CCC998 /* RAM.cpp */ = {isa = PBXFileReference; fileEncoding = 4; lastKnownFileType = sourcecode.cpp.cpp; path = RAM.cpp; sourceTree = "<group>"; };
		600E3CC61B9A35CA00CCC998 /* RAM.h */ = {isa = PBXFileReference; fileEncoding = 4; lastKnownFileType = sourcecode.c.h; path = RAM.h; sourceTree = "<group>"; };
		600E3CC71B9A35CA00CCC998 /* Types.cpp */ = {isa = PBXFileReference; fileEncoding = 4; lastKnownFileType = sourcecode.cpp.cpp; path = Types.cpp; sourceTree = "<group>"; };
		600E3CC81B9A35CA00CCC998 /* Types.h */ = {isa = PBXFileReference; fileEncoding = 4; lastKnownFileType = sourcecode.c.h; path = Types.h; sourceTree = "<group>"; };
/* End PBXFileReference section */

/* Begin PBXFrameworksBuildPhase section */
		600E3CB41B9A35A900CCC998 /* Frameworks */ = {
			isa = PBXFrameworksBuildPhase;
			buildActionMask = 2147483647;
			files = (
			);
			runOnlyForDeploymentPostprocessing = 0;
		};
/* End PBXFrameworksBuildPhase section */

/* Begin PBXGroup section */
		600E3CAE1B9A35A900CCC998 = {
			isa = PBXGroup;
			children = (
				600E3CB91B9A35A900CCC998 /* CPU-final */,
				600E3CB81B9A35A900CCC998 /* Products */,
			);
			sourceTree = "<group>";
		};
		600E3CB81B9A35A900CCC998 /* Products */ = {
			isa = PBXGroup;
			children = (
				600E3CB71B9A35A900CCC998 /* CPU-final */,
			);
			name = Products;
			sourceTree = "<group>";
		};
		600E3CB91B9A35A900CCC998 /* CPU-final */ = {
			isa = PBXGroup;
			children = (
				600E3CBA1B9A35A900CCC998 /* main.cpp */,
				600E3CC21B9A35CA00CCC998 /* Input.h */,
				600E3CC11B9A35CA00CCC998 /* Input.cpp */,
				600E3CC31B9A35CA00CCC998 /* NES.cpp */,
				600E3CC41B9A35CA00CCC998 /* NES.h */,
				600E3CC51B9A35CA00CCC998 /* RAM.cpp */,
				600E3CC61B9A35CA00CCC998 /* RAM.h */,
				600E3CC71B9A35CA00CCC998 /* Types.cpp */,
				600E3CC81B9A35CA00CCC998 /* Types.h */,
			);
			path = "CPU-final";
			sourceTree = "<group>";
		};
/* End PBXGroup section */

/* Begin PBXNativeTarget section */
		600E3CB61B9A35A900CCC998 /* CPU-final */ = {
			isa = PBXNativeTarget;
			buildConfigurationList = 600E3CBE1B9A35A900CCC998 /* Build configuration list for PBXNativeTarget "CPU-final" */;
			buildPhases = (
				600E3CB31B9A35A900CCC998 /* Sources */,
				600E3CB41B9A35A900CCC998 /* Frameworks */,
				600E3CB51B9A35A900CCC998 /* CopyFiles */,
			);
			buildRules = (
			);
			dependencies = (
			);
			name = "CPU-final";
			productName = "CPU-final";
			productReference = 600E3CB71B9A35A900CCC998 /* CPU-final */;
			productType = "com.apple.product-type.tool";
		};
/* End PBXNativeTarget section */

/* Begin PBXProject section */
		600E3CAF1B9A35A900CCC998 /* Project object */ = {
			isa = PBXProject;
			attributes = {
				LastUpgradeCheck = 0640;
				ORGANIZATIONNAME = GamePi;
				TargetAttributes = {
					600E3CB61B9A35A900CCC998 = {
						CreatedOnToolsVersion = 6.4;
					};
				};
			};
			buildConfigurationList = 600E3CB21B9A35A900CCC998 /* Build configuration list for PBXProject "CPU-final" */;
			compatibilityVersion = "Xcode 3.2";
			developmentRegion = English;
			hasScannedForEncodings = 0;
			knownRegions = (
				en,
			);
			mainGroup = 600E3CAE1B9A35A900CCC998;
			productRefGroup = 600E3CB81B9A35A900CCC998 /* Products */;
			projectDirPath = "";
			projectRoot = "";
			targets = (
				600E3CB61B9A35A900CCC998 /* CPU-final */,
			);
		};
/* End PBXProject section */

/* Begin PBXSourcesBuildPhase section */
		600E3CB31B9A35A900CCC998 /* Sources */ = {
			isa = PBXSourcesBuildPhase;
			buildActionMask = 2147483647;
			files = (
				600E3CCB1B9A35CA00CCC998 /* RAM.cpp in Sources */,
				600E3CCC1B9A35CA00CCC998 /* Types.cpp in Sources */,
				600E3CCA1B9A35CA00CCC998 /* NES.cpp in Sources */,
				600E3CC91B9A35CA00CCC998 /* Input.cpp in Sources */,
				600E3CBB1B9A35A900CCC998 /* main.cpp in Sources */,
			);
			runOnlyForDeploymentPostprocessing = 0;
		};
/* End PBXSourcesBuildPhase section */

/* Begin XCBuildConfiguration section */
		600E3CBC1B9A35A900CCC998 /* Debug */ = {
			isa = XCBuildConfiguration;
			buildSettings = {
				ALWAYS_SEARCH_USER_PATHS = NO;
				CLANG_CXX_LANGUAGE_STANDARD = "gnu++0x";
				CLANG_CXX_LIBRARY = "libc++";
				CLANG_ENABLE_MODULES = YES;
				CLANG_ENABLE_OBJC_ARC = YES;
				CLANG_WARN_BOOL_CONVERSION = YES;
				CLANG_WARN_CONSTANT_CONVERSION = YES;
				CLANG_WARN_DIRECT_OBJC_ISA_USAGE = YES_ERROR;
				CLANG_WARN_EMPTY_BODY = YES;
				CLANG_WARN_ENUM_CONVERSION = YES;
				CLANG_WARN_INT_CONVERSION = YES;
				CLANG_WARN_OBJC_ROOT_CLASS = YES_ERROR;
				CLANG_WARN_UNREACHABLE_CODE = YES;
				CLANG_WARN__DUPLICATE_METHOD_MATCH = YES;
				COPY_PHASE_STRIP = NO;
				DEBUG_INFORMATION_FORMAT = dwarf;
				ENABLE_STRICT_OBJC_MSGSEND = YES;
				GCC_C_LANGUAGE_STANDARD = gnu99;
				GCC_DYNAMIC_NO_PIC = NO;
				GCC_NO_COMMON_BLOCKS = YES;
				GCC_OPTIMIZATION_LEVEL = 0;
				GCC_PREPROCESSOR_DEFINITIONS = (
					"DEBUG=1",
					"$(inherited)",
				);
				GCC_SYMBOLS_PRIVATE_EXTERN = NO;
				GCC_WARN_64_TO_32_BIT_CONVERSION = YES;
				GCC_WARN_ABOUT_RETURN_TYPE = YES_ERROR;
				GCC_WARN_UNDECLARED_SELECTOR = YES;
				GCC_WARN_UNINITIALIZED_AUTOS = YES_AGGRESSIVE;
				GCC_WARN_UNUSED_FUNCTION = YES;
				GCC_WARN_UNUSED_VARIABLE = YES;
				MACOSX_DEPLOYMENT_TARGET = 10.11;
				MTL_ENABLE_DEBUG_INFO = YES;
				ONLY_ACTIVE_ARCH = YES;
				SDKROOT = macosx;
			};
			name = Debug;
		};
		600E3CBD1B9A35A900CCC998 /* Release */ = {
			isa = XCBuildConfiguration;
			buildSettings = {
				ALWAYS_SEARCH_USER_PATHS = NO;
				CLANG_CXX_LANGUAGE_STANDARD = "gnu++0x";
				CLANG_CXX_LIBRARY = "libc++";
				CLANG_ENABLE_MODULES = YES;
				CLANG_ENABLE_OBJC_ARC = YES;
				CLANG_WARN_BOOL_CONVERSION = YES;
				CLANG_WARN_CONSTANT_CONVERSION = YES;
				CLANG_WARN_DIRECT_OBJC_ISA_USAGE = YES_ERROR;
				CLANG_WARN_EMPTY_BODY = YES;
				CLANG_WARN_ENUM_CONVERSION = YES;
				CLANG_WARN_INT_CONVERSION = YES;
				CLANG_WARN_OBJC_ROOT_CLASS = YES_ERROR;
				CLANG_WARN_UNREACHABLE_CODE = YES;
				CLANG_WARN__DUPLICATE_METHOD_MATCH = YES;
				COPY_PHASE_STRIP = NO;
				DEBUG_INFORMATION_FORMAT = "dwarf-with-dsym";
				ENABLE_NS_ASSERTIONS = NO;
				ENABLE_STRICT_OBJC_MSGSEND = YES;
				GCC_C_LANGUAGE_STANDARD = gnu99;
				GCC_NO_COMMON_BLOCKS = YES;
				GCC_WARN_64_TO_32_BIT_CONVERSION = YES;
				GCC_WARN_ABOUT_RETURN_TYPE = YES_ERROR;
				GCC_WARN_UNDECLARED_SELECTOR = YES;
				GCC_WARN_UNINITIALIZED_AUTOS = YES_AGGRESSIVE;
				GCC_WARN_UNUSED_FUNCTION = YES;
				GCC_WARN_UNUSED_VARIABLE = YES;
				MACOSX_DEPLOYMENT_TARGET = 10.11;
				MTL_ENABLE_DEBUG_INFO = NO;
				SDKROOT = macosx;
			};
			name = Release;
		};
		600E3CBF1B9A35A900CCC998 /* Debug */ = {
			isa = XCBuildConfiguration;
			buildSettings = {
				PRODUCT_NAME = "$(TARGET_NAME)";
			};
			name = Debug;
		};
		600E3CC01B9A35A900CCC998 /* Release */ = {
			isa = XCBuildConfiguration;
			buildSettings = {
				PRODUCT_NAME = "$(TARGET_NAME)";
			};
			name = Release;
		};
/* End XCBuildConfiguration section */

/* Begin XCConfigurationList section */
		600E3CB21B9A35A900CCC998 /* Build configuration list for PBXProject "CPU-final" */ = {
			isa = XCConfigurationList;
			buildConfigurations = (
				600E3CBC1B9A35A900CCC998 /* Debug */,
				600E3CBD1B9A35A900CCC998 /* Release */,
			);
			defaultConfigurationIsVisible = 0;
			defaultConfigurationName = Release;
		};
		600E3CBE1B9A35A900CCC998 /* Build configuration list for PBXNativeTarget "CPU-final" */ = {
			isa = XCConfigurationList;
			buildConfigurations = (
				600E3CBF1B9A35A900CCC998 /* Debug */,
				600E3CC01B9A35A900CCC998 /* Release */,
			);
			defaultConfigurationIsVisible = 0;
		};
/* End XCConfigurationList section */
	};
	rootObject = 600E3CAF1B9A35A900CCC998 /* Project object */;
}
