// !$*UTF8*$!
{
	archiveVersion = 1;
	classes = {
	};
	objectVersion = 46;
	objects = {

/* Begin PBXBuildFile section */
		6076A2A51B2B203C00D1161B /* NES.cpp in Sources */ = {isa = PBXBuildFile; fileRef = 6076A2A31B2B203C00D1161B /* NES.cpp */; };
		60E227F71B261B540077DD42 /* main.cpp in Sources */ = {isa = PBXBuildFile; fileRef = 60E227F61B261B540077DD42 /* main.cpp */; };
		60E228071B261C190077DD42 /* RAM.cpp in Sources */ = {isa = PBXBuildFile; fileRef = 60E228031B261C190077DD42 /* RAM.cpp */; };
		60E228081B261C190077DD42 /* Types.cpp in Sources */ = {isa = PBXBuildFile; fileRef = 60E228051B261C190077DD42 /* Types.cpp */; };
/* End PBXBuildFile section */

/* Begin PBXCopyFilesBuildPhase section */
		60E227F11B261B540077DD42 /* CopyFiles */ = {
			isa = PBXCopyFilesBuildPhase;
			buildActionMask = 2147483647;
			dstPath = /usr/share/man/man1/;
			dstSubfolderSpec = 0;
			files = (
			);
			runOnlyForDeploymentPostprocessing = 1;
		};
/* End PBXCopyFilesBuildPhase section */

/* Begin PBXFileReference section */
		6076A2A31B2B203C00D1161B /* NES.cpp */ = {isa = PBXFileReference; fileEncoding = 4; lastKnownFileType = sourcecode.cpp.cpp; path = NES.cpp; sourceTree = "<group>"; };
		6076A2A41B2B203C00D1161B /* NES.h */ = {isa = PBXFileReference; fileEncoding = 4; lastKnownFileType = sourcecode.c.h; path = NES.h; sourceTree = "<group>"; };
		60E227F31B261B540077DD42 /* CPU */ = {isa = PBXFileReference; explicitFileType = "compiled.mach-o.executable"; includeInIndex = 0; path = CPU; sourceTree = BUILT_PRODUCTS_DIR; };
		60E227F61B261B540077DD42 /* main.cpp */ = {isa = PBXFileReference; lastKnownFileType = sourcecode.cpp.cpp; path = main.cpp; sourceTree = "<group>"; };
		60E228031B261C190077DD42 /* RAM.cpp */ = {isa = PBXFileReference; fileEncoding = 4; lastKnownFileType = sourcecode.cpp.cpp; path = RAM.cpp; sourceTree = "<group>"; };
		60E228041B261C190077DD42 /* RAM.h */ = {isa = PBXFileReference; fileEncoding = 4; lastKnownFileType = sourcecode.c.h; path = RAM.h; sourceTree = "<group>"; };
		60E228051B261C190077DD42 /* Types.cpp */ = {isa = PBXFileReference; fileEncoding = 4; lastKnownFileType = sourcecode.cpp.cpp; path = Types.cpp; sourceTree = "<group>"; };
		60E228061B261C190077DD42 /* Types.h */ = {isa = PBXFileReference; fileEncoding = 4; lastKnownFileType = sourcecode.c.h; path = Types.h; sourceTree = "<group>"; };
/* End PBXFileReference section */

/* Begin PBXFrameworksBuildPhase section */
		60E227F01B261B540077DD42 /* Frameworks */ = {
			isa = PBXFrameworksBuildPhase;
			buildActionMask = 2147483647;
			files = (
			);
			runOnlyForDeploymentPostprocessing = 0;
		};
/* End PBXFrameworksBuildPhase section */

/* Begin PBXGroup section */
		60E227EA1B261B540077DD42 = {
			isa = PBXGroup;
			children = (
				60E227F51B261B540077DD42 /* CPU */,
				60E227F41B261B540077DD42 /* Products */,
			);
			sourceTree = "<group>";
		};
		60E227F41B261B540077DD42 /* Products */ = {
			isa = PBXGroup;
			children = (
				60E227F31B261B540077DD42 /* CPU */,
			);
			name = Products;
			sourceTree = "<group>";
		};
		60E227F51B261B540077DD42 /* CPU */ = {
			isa = PBXGroup;
			children = (
				60E228031B261C190077DD42 /* RAM.cpp */,
				60E228041B261C190077DD42 /* RAM.h */,
				60E228051B261C190077DD42 /* Types.cpp */,
				60E228061B261C190077DD42 /* Types.h */,
				60E227F61B261B540077DD42 /* main.cpp */,
				6076A2A31B2B203C00D1161B /* NES.cpp */,
				6076A2A41B2B203C00D1161B /* NES.h */,
			);
			path = CPU;
			sourceTree = "<group>";
		};
/* End PBXGroup section */

/* Begin PBXNativeTarget section */
		60E227F21B261B540077DD42 /* CPU */ = {
			isa = PBXNativeTarget;
			buildConfigurationList = 60E227FA1B261B540077DD42 /* Build configuration list for PBXNativeTarget "CPU" */;
			buildPhases = (
				60E227EF1B261B540077DD42 /* Sources */,
				60E227F01B261B540077DD42 /* Frameworks */,
				60E227F11B261B540077DD42 /* CopyFiles */,
			);
			buildRules = (
			);
			dependencies = (
			);
			name = CPU;
			productName = CPU;
			productReference = 60E227F31B261B540077DD42 /* CPU */;
			productType = "com.apple.product-type.tool";
		};
/* End PBXNativeTarget section */

/* Begin PBXProject section */
		60E227EB1B261B540077DD42 /* Project object */ = {
			isa = PBXProject;
			attributes = {
				LastUpgradeCheck = 0630;
				ORGANIZATIONNAME = GamePi;
				TargetAttributes = {
					60E227F21B261B540077DD42 = {
						CreatedOnToolsVersion = 6.3.2;
					};
				};
			};
			buildConfigurationList = 60E227EE1B261B540077DD42 /* Build configuration list for PBXProject "CPU" */;
			compatibilityVersion = "Xcode 3.2";
			developmentRegion = English;
			hasScannedForEncodings = 0;
			knownRegions = (
				en,
			);
			mainGroup = 60E227EA1B261B540077DD42;
			productRefGroup = 60E227F41B261B540077DD42 /* Products */;
			projectDirPath = "";
			projectRoot = "";
			targets = (
				60E227F21B261B540077DD42 /* CPU */,
			);
		};
/* End PBXProject section */

/* Begin PBXSourcesBuildPhase section */
		60E227EF1B261B540077DD42 /* Sources */ = {
			isa = PBXSourcesBuildPhase;
			buildActionMask = 2147483647;
			files = (
				60E228081B261C190077DD42 /* Types.cpp in Sources */,
				60E228071B261C190077DD42 /* RAM.cpp in Sources */,
				6076A2A51B2B203C00D1161B /* NES.cpp in Sources */,
				60E227F71B261B540077DD42 /* main.cpp in Sources */,
			);
			runOnlyForDeploymentPostprocessing = 0;
		};
/* End PBXSourcesBuildPhase section */

/* Begin XCBuildConfiguration section */
		60E227F81B261B540077DD42 /* Debug */ = {
			isa = XCBuildConfiguration;
			buildSettings = {
				ALWAYS_SEARCH_USER_PATHS = NO;
				CLANG_CXX_LANGUAGE_STANDARD = "gnu++0x";
				CLANG_CXX_LIBRARY = "libc++";
				CLANG_ENABLE_MODULES = YES;
				CLANG_ENABLE_OBJC_ARC = YES;
				CLANG_WARN_BOOL_CONVERSION = YES;
				CLANG_WARN_CONSTANT_CONVERSION = YES;
				CLANG_WARN_DIRECT_OBJC_ISA_USAGE = YES_ERROR;
				CLANG_WARN_EMPTY_BODY = YES;
				CLANG_WARN_ENUM_CONVERSION = YES;
				CLANG_WARN_INT_CONVERSION = YES;
				CLANG_WARN_OBJC_ROOT_CLASS = YES_ERROR;
				CLANG_WARN_UNREACHABLE_CODE = YES;
				CLANG_WARN__DUPLICATE_METHOD_MATCH = YES;
				COPY_PHASE_STRIP = NO;
				DEBUG_INFORMATION_FORMAT = dwarf;
				ENABLE_STRICT_OBJC_MSGSEND = YES;
				GCC_C_LANGUAGE_STANDARD = gnu99;
				GCC_DYNAMIC_NO_PIC = NO;
				GCC_NO_COMMON_BLOCKS = YES;
				GCC_OPTIMIZATION_LEVEL = 0;
				GCC_PREPROCESSOR_DEFINITIONS = (
					"DEBUG=1",
					"$(inherited)",
				);
				GCC_SYMBOLS_PRIVATE_EXTERN = NO;
				GCC_WARN_64_TO_32_BIT_CONVERSION = YES;
				GCC_WARN_ABOUT_RETURN_TYPE = YES_ERROR;
				GCC_WARN_UNDECLARED_SELECTOR = YES;
				GCC_WARN_UNINITIALIZED_AUTOS = YES_AGGRESSIVE;
				GCC_WARN_UNUSED_FUNCTION = YES;
				GCC_WARN_UNUSED_VARIABLE = YES;
				MACOSX_DEPLOYMENT_TARGET = 10.10;
				MTL_ENABLE_DEBUG_INFO = YES;
				ONLY_ACTIVE_ARCH = YES;
				SDKROOT = macosx;
			};
			name = Debug;
		};
		60E227F91B261B540077DD42 /* Release */ = {
			isa = XCBuildConfiguration;
			buildSettings = {
				ALWAYS_SEARCH_USER_PATHS = NO;
				CLANG_CXX_LANGUAGE_STANDARD = "gnu++0x";
				CLANG_CXX_LIBRARY = "libc++";
				CLANG_ENABLE_MODULES = YES;
				CLANG_ENABLE_OBJC_ARC = YES;
				CLANG_WARN_BOOL_CONVERSION = YES;
				CLANG_WARN_CONSTANT_CONVERSION = YES;
				CLANG_WARN_DIRECT_OBJC_ISA_USAGE = YES_ERROR;
				CLANG_WARN_EMPTY_BODY = YES;
				CLANG_WARN_ENUM_CONVERSION = YES;
				CLANG_WARN_INT_CONVERSION = YES;
				CLANG_WARN_OBJC_ROOT_CLASS = YES_ERROR;
				CLANG_WARN_UNREACHABLE_CODE = YES;
				CLANG_WARN__DUPLICATE_METHOD_MATCH = YES;
				COPY_PHASE_STRIP = NO;
				DEBUG_INFORMATION_FORMAT = "dwarf-with-dsym";
				ENABLE_NS_ASSERTIONS = NO;
				ENABLE_STRICT_OBJC_MSGSEND = YES;
				GCC_C_LANGUAGE_STANDARD = gnu99;
				GCC_NO_COMMON_BLOCKS = YES;
				GCC_WARN_64_TO_32_BIT_CONVERSION = YES;
				GCC_WARN_ABOUT_RETURN_TYPE = YES_ERROR;
				GCC_WARN_UNDECLARED_SELECTOR = YES;
				GCC_WARN_UNINITIALIZED_AUTOS = YES_AGGRESSIVE;
				GCC_WARN_UNUSED_FUNCTION = YES;
				GCC_WARN_UNUSED_VARIABLE = YES;
				MACOSX_DEPLOYMENT_TARGET = 10.10;
				MTL_ENABLE_DEBUG_INFO = NO;
				SDKROOT = macosx;
			};
			name = Release;
		};
		60E227FB1B261B540077DD42 /* Debug */ = {
			isa = XCBuildConfiguration;
			buildSettings = {
				PRODUCT_NAME = "$(TARGET_NAME)";
			};
			name = Debug;
		};
		60E227FC1B261B540077DD42 /* Release */ = {
			isa = XCBuildConfiguration;
			buildSettings = {
				PRODUCT_NAME = "$(TARGET_NAME)";
			};
			name = Release;
		};
/* End XCBuildConfiguration section */

/* Begin XCConfigurationList section */
		60E227EE1B261B540077DD42 /* Build configuration list for PBXProject "CPU" */ = {
			isa = XCConfigurationList;
			buildConfigurations = (
				60E227F81B261B540077DD42 /* Debug */,
				60E227F91B261B540077DD42 /* Release */,
			);
			defaultConfigurationIsVisible = 0;
			defaultConfigurationName = Release;
		};
		60E227FA1B261B540077DD42 /* Build configuration list for PBXNativeTarget "CPU" */ = {
			isa = XCConfigurationList;
			buildConfigurations = (
				60E227FB1B261B540077DD42 /* Debug */,
				60E227FC1B261B540077DD42 /* Release */,
			);
			defaultConfigurationIsVisible = 0;
			defaultConfigurationName = Release;
		};
/* End XCConfigurationList section */
	};
	rootObject = 60E227EB1B261B540077DD42 /* Project object */;
}
