// !$*UTF8*$!
{
	archiveVersion = 1;
	classes = {
	};
	objectVersion = 46;
	objects = {

/* Begin PBXBuildFile section */
		6018FE0D1BCDA05F00EEDF6E /* main.cpp in Sources */ = {isa = PBXBuildFile; fileRef = 6018FE0C1BCDA05F00EEDF6E /* main.cpp */; };
		6018FE191BCDA08900EEDF6E /* NES.cpp in Sources */ = {isa = PBXBuildFile; fileRef = 6018FE131BCDA08900EEDF6E /* NES.cpp */; settings = {ASSET_TAGS = (); }; };
		6018FE1A1BCDA08900EEDF6E /* RAM.cpp in Sources */ = {isa = PBXBuildFile; fileRef = 6018FE151BCDA08900EEDF6E /* RAM.cpp */; settings = {ASSET_TAGS = (); }; };
		6018FE1B1BCDA08900EEDF6E /* Types.cpp in Sources */ = {isa = PBXBuildFile; fileRef = 6018FE171BCDA08900EEDF6E /* Types.cpp */; settings = {ASSET_TAGS = (); }; };
		6018FE1E1BCDA0AC00EEDF6E /* Input.cpp in Sources */ = {isa = PBXBuildFile; fileRef = 6018FE1C1BCDA0AC00EEDF6E /* Input.cpp */; settings = {ASSET_TAGS = (); }; };
		60AA031A1BD16AC700FC72E6 /* PPU.cpp in Sources */ = {isa = PBXBuildFile; fileRef = 60AA03181BD16AC700FC72E6 /* PPU.cpp */; settings = {ASSET_TAGS = (); }; };
		60AA031D1BD16D5D00FC72E6 /* VRAM.cpp in Sources */ = {isa = PBXBuildFile; fileRef = 60AA031B1BD16D5D00FC72E6 /* VRAM.cpp */; settings = {ASSET_TAGS = (); }; };
		60AA03201BD1759D00FC72E6 /* Sprite.cpp in Sources */ = {isa = PBXBuildFile; fileRef = 60AA031E1BD1759D00FC72E6 /* Sprite.cpp */; settings = {ASSET_TAGS = (); }; };
/* End PBXBuildFile section */

/* Begin PBXCopyFilesBuildPhase section */
		6018FE071BCDA05E00EEDF6E /* CopyFiles */ = {
			isa = PBXCopyFilesBuildPhase;
			buildActionMask = 2147483647;
			dstPath = /usr/share/man/man1/;
			dstSubfolderSpec = 0;
			files = (
			);
			runOnlyForDeploymentPostprocessing = 1;
		};
/* End PBXCopyFilesBuildPhase section */

/* Begin PBXFileReference section */
		6018FE091BCDA05E00EEDF6E /* PPU */ = {isa = PBXFileReference; explicitFileType = "compiled.mach-o.executable"; includeInIndex = 0; path = PPU; sourceTree = BUILT_PRODUCTS_DIR; };
		6018FE0C1BCDA05F00EEDF6E /* main.cpp */ = {isa = PBXFileReference; lastKnownFileType = sourcecode.cpp.cpp; path = main.cpp; sourceTree = "<group>"; };
		6018FE131BCDA08900EEDF6E /* NES.cpp */ = {isa = PBXFileReference; fileEncoding = 4; lastKnownFileType = sourcecode.cpp.cpp; path = NES.cpp; sourceTree = "<group>"; };
		6018FE141BCDA08900EEDF6E /* NES.h */ = {isa = PBXFileReference; fileEncoding = 4; lastKnownFileType = sourcecode.c.h; path = NES.h; sourceTree = "<group>"; };
		6018FE151BCDA08900EEDF6E /* RAM.cpp */ = {isa = PBXFileReference; fileEncoding = 4; lastKnownFileType = sourcecode.cpp.cpp; path = RAM.cpp; sourceTree = "<group>"; };
		6018FE161BCDA08900EEDF6E /* RAM.h */ = {isa = PBXFileReference; fileEncoding = 4; lastKnownFileType = sourcecode.c.h; path = RAM.h; sourceTree = "<group>"; };
		6018FE171BCDA08900EEDF6E /* Types.cpp */ = {isa = PBXFileReference; fileEncoding = 4; lastKnownFileType = sourcecode.cpp.cpp; path = Types.cpp; sourceTree = "<group>"; };
		6018FE181BCDA08900EEDF6E /* Types.h */ = {isa = PBXFileReference; fileEncoding = 4; lastKnownFileType = sourcecode.c.h; path = Types.h; sourceTree = "<group>"; };
		6018FE1C1BCDA0AC00EEDF6E /* Input.cpp */ = {isa = PBXFileReference; fileEncoding = 4; lastKnownFileType = sourcecode.cpp.cpp; path = Input.cpp; sourceTree = "<group>"; };
		6018FE1D1BCDA0AC00EEDF6E /* Input.h */ = {isa = PBXFileReference; fileEncoding = 4; lastKnownFileType = sourcecode.c.h; path = Input.h; sourceTree = "<group>"; };
		60AA03181BD16AC700FC72E6 /* PPU.cpp */ = {isa = PBXFileReference; fileEncoding = 4; lastKnownFileType = sourcecode.cpp.cpp; path = PPU.cpp; sourceTree = "<group>"; };
		60AA03191BD16AC700FC72E6 /* PPU.h */ = {isa = PBXFileReference; fileEncoding = 4; lastKnownFileType = sourcecode.c.h; path = PPU.h; sourceTree = "<group>"; };
		60AA031B1BD16D5D00FC72E6 /* VRAM.cpp */ = {isa = PBXFileReference; fileEncoding = 4; lastKnownFileType = sourcecode.cpp.cpp; path = VRAM.cpp; sourceTree = "<group>"; };
		60AA031C1BD16D5D00FC72E6 /* VRAM.h */ = {isa = PBXFileReference; fileEncoding = 4; lastKnownFileType = sourcecode.c.h; path = VRAM.h; sourceTree = "<group>"; };
		60AA031E1BD1759D00FC72E6 /* Sprite.cpp */ = {isa = PBXFileReference; fileEncoding = 4; lastKnownFileType = sourcecode.cpp.cpp; path = Sprite.cpp; sourceTree = "<group>"; };
		60AA031F1BD1759D00FC72E6 /* Sprite.h */ = {isa = PBXFileReference; fileEncoding = 4; lastKnownFileType = sourcecode.c.h; path = Sprite.h; sourceTree = "<group>"; };
/* End PBXFileReference section */

/* Begin PBXFrameworksBuildPhase section */
		6018FE061BCDA05E00EEDF6E /* Frameworks */ = {
			isa = PBXFrameworksBuildPhase;
			buildActionMask = 2147483647;
			files = (
			);
			runOnlyForDeploymentPostprocessing = 0;
		};
/* End PBXFrameworksBuildPhase section */

/* Begin PBXGroup section */
		6018FE001BCDA05E00EEDF6E = {
			isa = PBXGroup;
			children = (
				6018FE0B1BCDA05E00EEDF6E /* PPU */,
				6018FE0A1BCDA05E00EEDF6E /* Products */,
			);
			sourceTree = "<group>";
		};
		6018FE0A1BCDA05E00EEDF6E /* Products */ = {
			isa = PBXGroup;
			children = (
				6018FE091BCDA05E00EEDF6E /* PPU */,
			);
			name = Products;
			sourceTree = "<group>";
		};
		6018FE0B1BCDA05E00EEDF6E /* PPU */ = {
			isa = PBXGroup;
			children = (
				6018FE0C1BCDA05F00EEDF6E /* main.cpp */,
				6018FE1C1BCDA0AC00EEDF6E /* Input.cpp */,
				6018FE1D1BCDA0AC00EEDF6E /* Input.h */,
				6018FE131BCDA08900EEDF6E /* NES.cpp */,
				6018FE141BCDA08900EEDF6E /* NES.h */,
				6018FE151BCDA08900EEDF6E /* RAM.cpp */,
				6018FE161BCDA08900EEDF6E /* RAM.h */,
				6018FE171BCDA08900EEDF6E /* Types.cpp */,
				6018FE181BCDA08900EEDF6E /* Types.h */,
				60AA03181BD16AC700FC72E6 /* PPU.cpp */,
				60AA03191BD16AC700FC72E6 /* PPU.h */,
				60AA031B1BD16D5D00FC72E6 /* VRAM.cpp */,
				60AA031C1BD16D5D00FC72E6 /* VRAM.h */,
				60AA031E1BD1759D00FC72E6 /* Sprite.cpp */,
				60AA031F1BD1759D00FC72E6 /* Sprite.h */,
			);
			path = PPU;
			sourceTree = "<group>";
		};
/* End PBXGroup section */

/* Begin PBXNativeTarget section */
		6018FE081BCDA05E00EEDF6E /* PPU */ = {
			isa = PBXNativeTarget;
			buildConfigurationList = 6018FE101BCDA05F00EEDF6E /* Build configuration list for PBXNativeTarget "PPU" */;
			buildPhases = (
				6018FE051BCDA05E00EEDF6E /* Sources */,
				6018FE061BCDA05E00EEDF6E /* Frameworks */,
				6018FE071BCDA05E00EEDF6E /* CopyFiles */,
			);
			buildRules = (
			);
			dependencies = (
			);
			name = PPU;
			productName = PPU;
			productReference = 6018FE091BCDA05E00EEDF6E /* PPU */;
			productType = "com.apple.product-type.tool";
		};
/* End PBXNativeTarget section */

/* Begin PBXProject section */
		6018FE011BCDA05E00EEDF6E /* Project object */ = {
			isa = PBXProject;
			attributes = {
				LastUpgradeCheck = 0700;
				ORGANIZATIONNAME = GamePi;
				TargetAttributes = {
					6018FE081BCDA05E00EEDF6E = {
						CreatedOnToolsVersion = 7.0.1;
					};
				};
			};
			buildConfigurationList = 6018FE041BCDA05E00EEDF6E /* Build configuration list for PBXProject "PPU" */;
			compatibilityVersion = "Xcode 3.2";
			developmentRegion = English;
			hasScannedForEncodings = 0;
			knownRegions = (
				en,
			);
			mainGroup = 6018FE001BCDA05E00EEDF6E;
			productRefGroup = 6018FE0A1BCDA05E00EEDF6E /* Products */;
			projectDirPath = "";
			projectRoot = "";
			targets = (
				6018FE081BCDA05E00EEDF6E /* PPU */,
			);
		};
/* End PBXProject section */

/* Begin PBXSourcesBuildPhase section */
		6018FE051BCDA05E00EEDF6E /* Sources */ = {
			isa = PBXSourcesBuildPhase;
			buildActionMask = 2147483647;
			files = (
				6018FE1A1BCDA08900EEDF6E /* RAM.cpp in Sources */,
				6018FE191BCDA08900EEDF6E /* NES.cpp in Sources */,
				60AA03201BD1759D00FC72E6 /* Sprite.cpp in Sources */,
				6018FE0D1BCDA05F00EEDF6E /* main.cpp in Sources */,
				60AA031A1BD16AC700FC72E6 /* PPU.cpp in Sources */,
				60AA031D1BD16D5D00FC72E6 /* VRAM.cpp in Sources */,
				6018FE1B1BCDA08900EEDF6E /* Types.cpp in Sources */,
				6018FE1E1BCDA0AC00EEDF6E /* Input.cpp in Sources */,
			);
			runOnlyForDeploymentPostprocessing = 0;
		};
/* End PBXSourcesBuildPhase section */

/* Begin XCBuildConfiguration section */
		6018FE0E1BCDA05F00EEDF6E /* Debug */ = {
			isa = XCBuildConfiguration;
			buildSettings = {
				ALWAYS_SEARCH_USER_PATHS = NO;
				CLANG_CXX_LANGUAGE_STANDARD = "gnu++0x";
				CLANG_CXX_LIBRARY = "libc++";
				CLANG_ENABLE_MODULES = YES;
				CLANG_ENABLE_OBJC_ARC = YES;
				CLANG_WARN_BOOL_CONVERSION = YES;
				CLANG_WARN_CONSTANT_CONVERSION = YES;
				CLANG_WARN_DIRECT_OBJC_ISA_USAGE = YES_ERROR;
				CLANG_WARN_EMPTY_BODY = YES;
				CLANG_WARN_ENUM_CONVERSION = YES;
				CLANG_WARN_INT_CONVERSION = YES;
				CLANG_WARN_OBJC_ROOT_CLASS = YES_ERROR;
				CLANG_WARN_UNREACHABLE_CODE = YES;
				CLANG_WARN__DUPLICATE_METHOD_MATCH = YES;
				COPY_PHASE_STRIP = NO;
				DEBUG_INFORMATION_FORMAT = dwarf;
				ENABLE_STRICT_OBJC_MSGSEND = YES;
				ENABLE_TESTABILITY = YES;
				GCC_C_LANGUAGE_STANDARD = gnu99;
				GCC_DYNAMIC_NO_PIC = NO;
				GCC_NO_COMMON_BLOCKS = YES;
				GCC_OPTIMIZATION_LEVEL = 0;
				GCC_PREPROCESSOR_DEFINITIONS = (
					"DEBUG=1",
					"$(inherited)",
				);
				GCC_WARN_64_TO_32_BIT_CONVERSION = YES;
				GCC_WARN_ABOUT_RETURN_TYPE = YES_ERROR;
				GCC_WARN_UNDECLARED_SELECTOR = YES;
				GCC_WARN_UNINITIALIZED_AUTOS = YES_AGGRESSIVE;
				GCC_WARN_UNUSED_FUNCTION = YES;
				GCC_WARN_UNUSED_VARIABLE = YES;
				MACOSX_DEPLOYMENT_TARGET = 10.11;
				MTL_ENABLE_DEBUG_INFO = YES;
				ONLY_ACTIVE_ARCH = YES;
				SDKROOT = macosx;
			};
			name = Debug;
		};
		6018FE0F1BCDA05F00EEDF6E /* Release */ = {
			isa = XCBuildConfiguration;
			buildSettings = {
				ALWAYS_SEARCH_USER_PATHS = NO;
				CLANG_CXX_LANGUAGE_STANDARD = "gnu++0x";
				CLANG_CXX_LIBRARY = "libc++";
				CLANG_ENABLE_MODULES = YES;
				CLANG_ENABLE_OBJC_ARC = YES;
				CLANG_WARN_BOOL_CONVERSION = YES;
				CLANG_WARN_CONSTANT_CONVERSION = YES;
				CLANG_WARN_DIRECT_OBJC_ISA_USAGE = YES_ERROR;
				CLANG_WARN_EMPTY_BODY = YES;
				CLANG_WARN_ENUM_CONVERSION = YES;
				CLANG_WARN_INT_CONVERSION = YES;
				CLANG_WARN_OBJC_ROOT_CLASS = YES_ERROR;
				CLANG_WARN_UNREACHABLE_CODE = YES;
				CLANG_WARN__DUPLICATE_METHOD_MATCH = YES;
				COPY_PHASE_STRIP = NO;
				DEBUG_INFORMATION_FORMAT = "dwarf-with-dsym";
				ENABLE_NS_ASSERTIONS = NO;
				ENABLE_STRICT_OBJC_MSGSEND = YES;
				GCC_C_LANGUAGE_STANDARD = gnu99;
				GCC_NO_COMMON_BLOCKS = YES;
				GCC_WARN_64_TO_32_BIT_CONVERSION = YES;
				GCC_WARN_ABOUT_RETURN_TYPE = YES_ERROR;
				GCC_WARN_UNDECLARED_SELECTOR = YES;
				GCC_WARN_UNINITIALIZED_AUTOS = YES_AGGRESSIVE;
				GCC_WARN_UNUSED_FUNCTION = YES;
				GCC_WARN_UNUSED_VARIABLE = YES;
				MACOSX_DEPLOYMENT_TARGET = 10.11;
				MTL_ENABLE_DEBUG_INFO = NO;
				SDKROOT = macosx;
			};
			name = Release;
		};
		6018FE111BCDA05F00EEDF6E /* Debug */ = {
			isa = XCBuildConfiguration;
			buildSettings = {
				PRODUCT_NAME = "$(TARGET_NAME)";
			};
			name = Debug;
		};
		6018FE121BCDA05F00EEDF6E /* Release */ = {
			isa = XCBuildConfiguration;
			buildSettings = {
				PRODUCT_NAME = "$(TARGET_NAME)";
			};
			name = Release;
		};
/* End XCBuildConfiguration section */

/* Begin XCConfigurationList section */
		6018FE041BCDA05E00EEDF6E /* Build configuration list for PBXProject "PPU" */ = {
			isa = XCConfigurationList;
			buildConfigurations = (
				6018FE0E1BCDA05F00EEDF6E /* Debug */,
				6018FE0F1BCDA05F00EEDF6E /* Release */,
			);
			defaultConfigurationIsVisible = 0;
			defaultConfigurationName = Release;
		};
		6018FE101BCDA05F00EEDF6E /* Build configuration list for PBXNativeTarget "PPU" */ = {
			isa = XCConfigurationList;
			buildConfigurations = (
				6018FE111BCDA05F00EEDF6E /* Debug */,
				6018FE121BCDA05F00EEDF6E /* Release */,
			);
			defaultConfigurationIsVisible = 0;
			defaultConfigurationName = Release;
		};
/* End XCConfigurationList section */
	};
	rootObject = 6018FE011BCDA05E00EEDF6E /* Project object */;
}
